{
  "name": "reurl-test2",
  "version": "1.0.0",
  "lockfileVersion": 1,
  "requires": true,
  "dependencies": {
    "punycode": {
      "version": "2.3.0",
      "resolved": "https://registry.npmjs.org/punycode/-/punycode-2.3.0.tgz",
      "integrity": "sha512-rRV+zQD8tVFys26lAGR9WUuS4iUAngJScM+ZRSKtvl5tKeZ2t5bvdNFdNHBW9FWR4guGHlgmsZ1G7BSm2wTbuA=="
    },
    "reurl": {
      "version": "git+https://github.com/jsepia/reurl.git#a3210117636c115fb139517fcfb2ea929025cded",
      "from": "git+https://github.com/jsepia/reurl.git#commonjs",
      "requires": {
        "spec-url": "^2.0.0-dev.1"
      }
    },
    "spec-url": {
      "version": "2.0.0-dev.1",
      "resolved": "https://registry.npmjs.org/spec-url/-/spec-url-2.0.0-dev.1.tgz",
      "integrity": "sha512-NKE2wT6tsvYa4xfVFcnjxSDFJwDOwU1NU2NhfnxFksutZrOShZ2p7pgQWS98Evq0cHMGBBjGQlbwrcAHLDywfw==",
      "requires": {
        "punycode": "^2.1.1"
      }
    }
  }
}
